
Microsoft Visual Studio Solution File, Format Version 12.00
# Visual Studio Version 16
VisualStudioVersion = 16.0.33529.622
MinimumVisualStudioVersion = 10.0.40219.1
Project("{FAE04EC0-301F-11D3-BF4B-00C04F79EFBC}") = "ContosoCrafts.Website", "ContosoCrafts.Website\ContosoCrafts.Website.csproj", "{BEB5B9F2-0720-4A52-B660-49CE347CB1CC}"
EndProject
Global
	GlobalSection(SolutionConfigurationPlatforms) = preSolution
		Debug|Any CPU = Debug|Any CPU
		Release|Any CPU = Release|Any CPU
	EndGlobalSection
	GlobalSection(ProjectConfigurationPlatforms) = postSolution
		{BEB5B9F2-0720-4A52-B660-49CE347CB1CC}.Debug|Any CPU.ActiveCfg = Debug|Any CPU
		{BEB5B9F2-0720-4A52-B660-49CE347CB1CC}.Debug|Any CPU.Build.0 = Debug|Any CPU
		{BEB5B9F2-0720-4A52-B660-49CE347CB1CC}.Release|Any CPU.ActiveCfg = Release|Any CPU
		{BEB5B9F2-0720-4A52-B660-49CE347CB1CC}.Release|Any CPU.Build.0 = Release|Any CPU
	EndGlobalSection
	GlobalSection(SolutionProperties) = preSolution
		HideSolutionNode = FALSE
	EndGlobalSection
	GlobalSection(ExtensibilityGlobals) = postSolution
		SolutionGuid = {F44204B4-C158-4CD1-9AFF-96FAD81835D5}
	EndGlobalSection
EndGlobal
